{
  "name": "cube-timer",
  "version": "1.0.0",
  "lockfileVersion": 2,
  "requires": true,
  "packages": {
    "": {
      "name": "cube-timer",
      "version": "1.0.0",
      "license": "ISC",
      "dependencies": {
        "scrambow": "^1.7.0"
      }
    },
    "node_modules/commander": {
      "version": "8.3.0",
      "resolved": "https://registry.npmjs.org/commander/-/commander-8.3.0.tgz",
      "integrity": "sha512-OkTL9umf+He2DZkUq8f8J9of7yL6RJKI24dVITBmNfZBmri9zYZQrKkuXiKhyfPSu8tUhnVBB1iKXevvnlR4Ww==",
      "engines": {
        "node": ">= 12"
      }
    },
    "node_modules/scrambow": {
      "version": "1.7.0",
      "resolved": "https://registry.npmjs.org/scrambow/-/scrambow-1.7.0.tgz",
      "integrity": "sha512-R16glrP5X21rMvkdNgH11pBliol/XI8sPk1kymp6KeQ+ephArpy82EsF7g6PrP0EoqZ05nurlN8SN1L+vZ4s1A==",
      "dependencies": {
        "commander": "^8.2.0"
      },
      "bin": {
        "scrambow": "dist/cli.js"
      }
    }
  },
  "dependencies": {
    "commander": {
      "version": "8.3.0",
      "resolved": "https://registry.npmjs.org/commander/-/commander-8.3.0.tgz",
      "integrity": "sha512-OkTL9umf+He2DZkUq8f8J9of7yL6RJKI24dVITBmNfZBmri9zYZQrKkuXiKhyfPSu8tUhnVBB1iKXevvnlR4Ww=="
    },
    "scrambow": {
      "version": "1.7.0",
      "resolved": "https://registry.npmjs.org/scrambow/-/scrambow-1.7.0.tgz",
      "integrity": "sha512-R16glrP5X21rMvkdNgH11pBliol/XI8sPk1kymp6KeQ+ephArpy82EsF7g6PrP0EoqZ05nurlN8SN1L+vZ4s1A==",
      "requires": {
        "commander": "^8.2.0"
      }
    }
  }
}
